<?xml version="1.0" encoding="utf-8"?>
<Project ToolsVersion="4.0" xmlns="http://schemas.microsoft.com/developer/msbuild/2003">
  <ItemGroup>
    <Filter Include="Engine">
      <UniqueIdentifier>{2212460f-4ed5-46cf-8a9f-90eec9a87c20}</UniqueIdentifier>
    </Filter>
    <Filter Include="Engine\Base">
      <UniqueIdentifier>{4e460415-d294-422a-9a76-0a7692c92444}</UniqueIdentifier>
    </Filter>
    <Filter Include="Engine\Core">
      <UniqueIdentifier>{cf1c1f57-86ca-4fa6-b5b2-1a4450747723}</UniqueIdentifier>
    </Filter>
  </ItemGroup>
  <ItemGroup>
    <ClInclude Include="Common.hpp">
      <Filter>Engine\Base</Filter>
    </ClInclude>
    <ClInclude Include="String.hpp">
      <Filter>Engine\Base</Filter>
    </ClInclude>
    <ClInclude Include="Math.hpp">
      <Filter>Engine\Base</Filter>
    </ClInclude>
    <ClInclude Include="Concurrency.hpp">
      <Filter>Engine\Base</Filter>
    </ClInclude>
    <ClInclude Include="RefCounting.hpp">
      <Filter>Engine\Base</Filter>
    </ClInclude>
    <ClInclude Include="Container.hpp">
      <Filter>Engine\Base</Filter>
    </ClInclude>
    <ClInclude Include="Debug.hpp">
      <Filter>Engine\Base</Filter>
    </ClInclude>
    <ClInclude Include="Object.hpp">
      <Filter>Engine\Core</Filter>
    </ClInclude>
  </ItemGroup>
  <ItemGroup>
    <ClCompile Include="Debug.cpp">
      <Filter>Engine\Base</Filter>
    </ClCompile>
    <ClCompile Include="String.cpp">
      <Filter>Engine\Base</Filter>
    </ClCompile>
  </ItemGroup>
  <ItemGroup>
    <Natvis Include="Engine.natvis">
      <Filter>Engine</Filter>
    </Natvis>
  </ItemGroup>
  <ItemGroup>
    <Text Include="Tasks.txt">
      <Filter>Engine</Filter>
    </Text>
  </ItemGroup>
</Project>